
Microsoft Visual Studio Solution File, Format Version 12.00
# Visual Studio Version 17
VisualStudioVersion = 17.0.31903.59
MinimumVisualStudioVersion = 10.0.40219.1
Project("{2150E333-8FDC-42A3-9474-1A3956D46DE8}") = "src", "src", "{827E0CD3-B72D-47B6-A68D-7590B98EB39B}"
EndProject
Project("{FAE04EC0-301F-11D3-BF4B-00C04F79EFBC}") = "Florin.Domain", "src\Florin.Domain\Florin.Domain.csproj", "{78018956-F9E0-4A01-8629-61F69934653B}"
EndProject
Project("{FAE04EC0-301F-11D3-BF4B-00C04F79EFBC}") = "Florin.Application", "src\Florin.Application\Florin.Application.csproj", "{300E8D8C-1AFC-41DE-8712-D29D53DBA934}"
EndProject
Project("{FAE04EC0-301F-11D3-BF4B-00C04F79EFBC}") = "Florin.Infrastructure", "src\Florin.Infrastructure\Florin.Infrastructure.csproj", "{AA5B9D76-1869-44BB-8B93-91D6C5470A4F}"
EndProject
Project("{FAE04EC0-301F-11D3-BF4B-00C04F79EFBC}") = "Florin.Api", "src\Florin.Api\Florin.Api.csproj", "{A3FF77FF-4F90-4A16-9DED-FFB84DF90E34}"
EndProject
Project("{2150E333-8FDC-42A3-9474-1A3956D46DE8}") = "tests", "tests", "{0AB3BF05-4346-4AA6-1389-037BE0695223}"
EndProject
Project("{FAE04EC0-301F-11D3-BF4B-00C04F79EFBC}") = "Florin.Domain.Tests", "tests\Florin.Domain.Tests\Florin.Domain.Tests.csproj", "{5C5A1D1B-8B17-4BDD-8E06-0F6939EEEDEB}"
EndProject
Project("{FAE04EC0-301F-11D3-BF4B-00C04F79EFBC}") = "Florin.Application.Tests", "tests\Florin.Application.Tests\Florin.Application.Tests.csproj", "{8913C965-4D55-44ED-AB91-0FB014B43524}"
EndProject
Project("{FAE04EC0-301F-11D3-BF4B-00C04F79EFBC}") = "Florin.Api.IntegrationTests", "tests\Florin.Api.IntegrationTests\Florin.Api.IntegrationTests.csproj", "{AE9F3BF0-5699-4903-83AB-94B90ED44B84}"
EndProject
Global
	GlobalSection(SolutionConfigurationPlatforms) = preSolution
		Debug|Any CPU = Debug|Any CPU
		Debug|x64 = Debug|x64
		Debug|x86 = Debug|x86
		Release|Any CPU = Release|Any CPU
		Release|x64 = Release|x64
		Release|x86 = Release|x86
	EndGlobalSection
	GlobalSection(ProjectConfigurationPlatforms) = postSolution
		{78018956-F9E0-4A01-8629-61F69934653B}.Debug|Any CPU.ActiveCfg = Debug|Any CPU
		{78018956-F9E0-4A01-8629-61F69934653B}.Debug|Any CPU.Build.0 = Debug|Any CPU
		{78018956-F9E0-4A01-8629-61F69934653B}.Debug|x64.ActiveCfg = Debug|Any CPU
		{78018956-F9E0-4A01-8629-61F69934653B}.Debug|x64.Build.0 = Debug|Any CPU
		{78018956-F9E0-4A01-8629-61F69934653B}.Debug|x86.ActiveCfg = Debug|Any CPU
		{78018956-F9E0-4A01-8629-61F69934653B}.Debug|x86.Build.0 = Debug|Any CPU
		{78018956-F9E0-4A01-8629-61F69934653B}.Release|Any CPU.ActiveCfg = Release|Any CPU
		{78018956-F9E0-4A01-8629-61F69934653B}.Release|Any CPU.Build.0 = Release|Any CPU
		{78018956-F9E0-4A01-8629-61F69934653B}.Release|x64.ActiveCfg = Release|Any CPU
		{78018956-F9E0-4A01-8629-61F69934653B}.Release|x64.Build.0 = Release|Any CPU
		{78018956-F9E0-4A01-8629-61F69934653B}.Release|x86.ActiveCfg = Release|Any CPU
		{78018956-F9E0-4A01-8629-61F69934653B}.Release|x86.Build.0 = Release|Any CPU
		{300E8D8C-1AFC-41DE-8712-D29D53DBA934}.Debug|Any CPU.ActiveCfg = Debug|Any CPU
		{300E8D8C-1AFC-41DE-8712-D29D53DBA934}.Debug|Any CPU.Build.0 = Debug|Any CPU
		{300E8D8C-1AFC-41DE-8712-D29D53DBA934}.Debug|x64.ActiveCfg = Debug|Any CPU
		{300E8D8C-1AFC-41DE-8712-D29D53DBA934}.Debug|x64.Build.0 = Debug|Any CPU
		{300E8D8C-1AFC-41DE-8712-D29D53DBA934}.Debug|x86.ActiveCfg = Debug|Any CPU
		{300E8D8C-1AFC-41DE-8712-D29D53DBA934}.Debug|x86.Build.0 = Debug|Any CPU
		{300E8D8C-1AFC-41DE-8712-D29D53DBA934}.Release|Any CPU.ActiveCfg = Release|Any CPU
		{300E8D8C-1AFC-41DE-8712-D29D53DBA934}.Release|Any CPU.Build.0 = Release|Any CPU
		{300E8D8C-1AFC-41DE-8712-D29D53DBA934}.Release|x64.ActiveCfg = Release|Any CPU
		{300E8D8C-1AFC-41DE-8712-D29D53DBA934}.Release|x64.Build.0 = Release|Any CPU
		{300E8D8C-1AFC-41DE-8712-D29D53DBA934}.Release|x86.ActiveCfg = Release|Any CPU
		{300E8D8C-1AFC-41DE-8712-D29D53DBA934}.Release|x86.Build.0 = Release|Any CPU
		{AA5B9D76-1869-44BB-8B93-91D6C5470A4F}.Debug|Any CPU.ActiveCfg = Debug|Any CPU
		{AA5B9D76-1869-44BB-8B93-91D6C5470A4F}.Debug|Any CPU.Build.0 = Debug|Any CPU
		{AA5B9D76-1869-44BB-8B93-91D6C5470A4F}.Debug|x64.ActiveCfg = Debug|Any CPU
		{AA5B9D76-1869-44BB-8B93-91D6C5470A4F}.Debug|x64.Build.0 = Debug|Any CPU
		{AA5B9D76-1869-44BB-8B93-91D6C5470A4F}.Debug|x86.ActiveCfg = Debug|Any CPU
		{AA5B9D76-1869-44BB-8B93-91D6C5470A4F}.Debug|x86.Build.0 = Debug|Any CPU
		{AA5B9D76-1869-44BB-8B93-91D6C5470A4F}.Release|Any CPU.ActiveCfg = Release|Any CPU
		{AA5B9D76-1869-44BB-8B93-91D6C5470A4F}.Release|Any CPU.Build.0 = Release|Any CPU
		{AA5B9D76-1869-44BB-8B93-91D6C5470A4F}.Release|x64.ActiveCfg = Release|Any CPU
		{AA5B9D76-1869-44BB-8B93-91D6C5470A4F}.Release|x64.Build.0 = Release|Any CPU
		{AA5B9D76-1869-44BB-8B93-91D6C5470A4F}.Release|x86.ActiveCfg = Release|Any CPU
		{AA5B9D76-1869-44BB-8B93-91D6C5470A4F}.Release|x86.Build.0 = Release|Any CPU
		{A3FF77FF-4F90-4A16-9DED-FFB84DF90E34}.Debug|Any CPU.ActiveCfg = Debug|Any CPU
		{A3FF77FF-4F90-4A16-9DED-FFB84DF90E34}.Debug|Any CPU.Build.0 = Debug|Any CPU
		{A3FF77FF-4F90-4A16-9DED-FFB84DF90E34}.Debug|x64.ActiveCfg = Debug|Any CPU
		{A3FF77FF-4F90-4A16-9DED-FFB84DF90E34}.Debug|x64.Build.0 = Debug|Any CPU
		{A3FF77FF-4F90-4A16-9DED-FFB84DF90E34}.Debug|x86.ActiveCfg = Debug|Any CPU
		{A3FF77FF-4F90-4A16-9DED-FFB84DF90E34}.Debug|x86.Build.0 = Debug|Any CPU
		{A3FF77FF-4F90-4A16-9DED-FFB84DF90E34}.Release|Any CPU.ActiveCfg = Release|Any CPU
		{A3FF77FF-4F90-4A16-9DED-FFB84DF90E34}.Release|Any CPU.Build.0 = Release|Any CPU
		{A3FF77FF-4F90-4A16-9DED-FFB84DF90E34}.Release|x64.ActiveCfg = Release|Any CPU
		{A3FF77FF-4F90-4A16-9DED-FFB84DF90E34}.Release|x64.Build.0 = Release|Any CPU
		{A3FF77FF-4F90-4A16-9DED-FFB84DF90E34}.Release|x86.ActiveCfg = Release|Any CPU
		{A3FF77FF-4F90-4A16-9DED-FFB84DF90E34}.Release|x86.Build.0 = Release|Any CPU
		{5C5A1D1B-8B17-4BDD-8E06-0F6939EEEDEB}.Debug|Any CPU.ActiveCfg = Debug|Any CPU
		{5C5A1D1B-8B17-4BDD-8E06-0F6939EEEDEB}.Debug|Any CPU.Build.0 = Debug|Any CPU
		{5C5A1D1B-8B17-4BDD-8E06-0F6939EEEDEB}.Debug|x64.ActiveCfg = Debug|Any CPU
		{5C5A1D1B-8B17-4BDD-8E06-0F6939EEEDEB}.Debug|x64.Build.0 = Debug|Any CPU
		{5C5A1D1B-8B17-4BDD-8E06-0F6939EEEDEB}.Debug|x86.ActiveCfg = Debug|Any CPU
		{5C5A1D1B-8B17-4BDD-8E06-0F6939EEEDEB}.Debug|x86.Build.0 = Debug|Any CPU
		{5C5A1D1B-8B17-4BDD-8E06-0F6939EEEDEB}.Release|Any CPU.ActiveCfg = Release|Any CPU
		{5C5A1D1B-8B17-4BDD-8E06-0F6939EEEDEB}.Release|Any CPU.Build.0 = Release|Any CPU
		{5C5A1D1B-8B17-4BDD-8E06-0F6939EEEDEB}.Release|x64.ActiveCfg = Release|Any CPU
		{5C5A1D1B-8B17-4BDD-8E06-0F6939EEEDEB}.Release|x64.Build.0 = Release|Any CPU
		{5C5A1D1B-8B17-4BDD-8E06-0F6939EEEDEB}.Release|x86.ActiveCfg = Release|Any CPU
		{5C5A1D1B-8B17-4BDD-8E06-0F6939EEEDEB}.Release|x86.Build.0 = Release|Any CPU
		{8913C965-4D55-44ED-AB91-0FB014B43524}.Debug|Any CPU.ActiveCfg = Debug|Any CPU
		{8913C965-4D55-44ED-AB91-0FB014B43524}.Debug|Any CPU.Build.0 = Debug|Any CPU
		{8913C965-4D55-44ED-AB91-0FB014B43524}.Debug|x64.ActiveCfg = Debug|Any CPU
		{8913C965-4D55-44ED-AB91-0FB014B43524}.Debug|x64.Build.0 = Debug|Any CPU
		{8913C965-4D55-44ED-AB91-0FB014B43524}.Debug|x86.ActiveCfg = Debug|Any CPU
		{8913C965-4D55-44ED-AB91-0FB014B43524}.Debug|x86.Build.0 = Debug|Any CPU
		{8913C965-4D55-44ED-AB91-0FB014B43524}.Release|Any CPU.ActiveCfg = Release|Any CPU
		{8913C965-4D55-44ED-AB91-0FB014B43524}.Release|Any CPU.Build.0 = Release|Any CPU
		{8913C965-4D55-44ED-AB91-0FB014B43524}.Release|x64.ActiveCfg = Release|Any CPU
		{8913C965-4D55-44ED-AB91-0FB014B43524}.Release|x64.Build.0 = Release|Any CPU
		{8913C965-4D55-44ED-AB91-0FB014B43524}.Release|x86.ActiveCfg = Release|Any CPU
		{8913C965-4D55-44ED-AB91-0FB014B43524}.Release|x86.Build.0 = Release|Any CPU
		{AE9F3BF0-5699-4903-83AB-94B90ED44B84}.Debug|Any CPU.ActiveCfg = Debug|Any CPU
		{AE9F3BF0-5699-4903-83AB-94B90ED44B84}.Debug|Any CPU.Build.0 = Debug|Any CPU
		{AE9F3BF0-5699-4903-83AB-94B90ED44B84}.Debug|x64.ActiveCfg = Debug|Any CPU
		{AE9F3BF0-5699-4903-83AB-94B90ED44B84}.Debug|x64.Build.0 = Debug|Any CPU
		{AE9F3BF0-5699-4903-83AB-94B90ED44B84}.Debug|x86.ActiveCfg = Debug|Any CPU
		{AE9F3BF0-5699-4903-83AB-94B90ED44B84}.Debug|x86.Build.0 = Debug|Any CPU
		{AE9F3BF0-5699-4903-83AB-94B90ED44B84}.Release|Any CPU.ActiveCfg = Release|Any CPU
		{AE9F3BF0-5699-4903-83AB-94B90ED44B84}.Release|Any CPU.Build.0 = Release|Any CPU
		{AE9F3BF0-5699-4903-83AB-94B90ED44B84}.Release|x64.ActiveCfg = Release|Any CPU
		{AE9F3BF0-5699-4903-83AB-94B90ED44B84}.Release|x64.Build.0 = Release|Any CPU
		{AE9F3BF0-5699-4903-83AB-94B90ED44B84}.Release|x86.ActiveCfg = Release|Any CPU
		{AE9F3BF0-5699-4903-83AB-94B90ED44B84}.Release|x86.Build.0 = Release|Any CPU
	EndGlobalSection
	GlobalSection(SolutionProperties) = preSolution
		HideSolutionNode = FALSE
	EndGlobalSection
	GlobalSection(NestedProjects) = preSolution
		{78018956-F9E0-4A01-8629-61F69934653B} = {827E0CD3-B72D-47B6-A68D-7590B98EB39B}
		{300E8D8C-1AFC-41DE-8712-D29D53DBA934} = {827E0CD3-B72D-47B6-A68D-7590B98EB39B}
		{AA5B9D76-1869-44BB-8B93-91D6C5470A4F} = {827E0CD3-B72D-47B6-A68D-7590B98EB39B}
		{A3FF77FF-4F90-4A16-9DED-FFB84DF90E34} = {827E0CD3-B72D-47B6-A68D-7590B98EB39B}
		{5C5A1D1B-8B17-4BDD-8E06-0F6939EEEDEB} = {0AB3BF05-4346-4AA6-1389-037BE0695223}
		{8913C965-4D55-44ED-AB91-0FB014B43524} = {0AB3BF05-4346-4AA6-1389-037BE0695223}
		{AE9F3BF0-5699-4903-83AB-94B90ED44B84} = {0AB3BF05-4346-4AA6-1389-037BE0695223}
	EndGlobalSection
EndGlobal
